
Microsoft Visual Studio Solution File, Format Version 12.00
# Visual Studio Version 17
VisualStudioVersion = 17.8.34309.116
MinimumVisualStudioVersion = 10.0.40219.1
Project("{9A19103F-16F7-4668-BE54-9A1E7A4F7556}") = "OzoneApp.Data", "OzoneApp.Data\OzoneApp.Data.csproj", "{680F5E88-A834-44D2-840C-7C6F47F661C9}"
EndProject
Project("{FAE04EC0-301F-11D3-BF4B-00C04F79EFBC}") = "demo", "demo\demo.csproj", "{05157446-E3D6-4CB9-B036-32DD5489C7C0}"
EndProject
Global
	GlobalSection(SolutionConfigurationPlatforms) = preSolution
		Debug|Any CPU = Debug|Any CPU
		Release|Any CPU = Release|Any CPU
	EndGlobalSection
	GlobalSection(ProjectConfigurationPlatforms) = postSolution
		{680F5E88-A834-44D2-840C-7C6F47F661C9}.Debug|Any CPU.ActiveCfg = Debug|Any CPU
		{680F5E88-A834-44D2-840C-7C6F47F661C9}.Debug|Any CPU.Build.0 = Debug|Any CPU
		{680F5E88-A834-44D2-840C-7C6F47F661C9}.Release|Any CPU.ActiveCfg = Release|Any CPU
		{680F5E88-A834-44D2-840C-7C6F47F661C9}.Release|Any CPU.Build.0 = Release|Any CPU
		{05157446-E3D6-4CB9-B036-32DD5489C7C0}.Debug|Any CPU.ActiveCfg = Debug|Any CPU
		{05157446-E3D6-4CB9-B036-32DD5489C7C0}.Debug|Any CPU.Build.0 = Debug|Any CPU
		{05157446-E3D6-4CB9-B036-32DD5489C7C0}.Release|Any CPU.ActiveCfg = Release|Any CPU
		{05157446-E3D6-4CB9-B036-32DD5489C7C0}.Release|Any CPU.Build.0 = Release|Any CPU
	EndGlobalSection
	GlobalSection(SolutionProperties) = preSolution
		HideSolutionNode = FALSE
	EndGlobalSection
	GlobalSection(ExtensibilityGlobals) = postSolution
		SolutionGuid = {EF1EA6CF-289F-451B-A11E-F1FE72F4CDB3}
	EndGlobalSection
EndGlobal
